{
  "object": {
    "pins": [
      {
        "package": "Mustache",
        "repositoryURL": "git@github.com:groue/GRMustache.swift.git",
        "state": {
          "branch": null,
          "revision": "671e2c5234e829c1f337c9d300bd6d9b21d1c42a",
          "version": "4.0.1"
        }
      },
      {
        "package": "Shock",
        "repositoryURL": "git@github.com:justeat/Shock.git",
        "state": {
          "branch": null,
          "revision": "c2287de99d5a0febbcfe6001ab3f2e055f9c0181",
          "version": "6.0.3"
        }
      },
      {
        "package": "swift-nio",
        "repositoryURL": "git@github.com:apple/swift-nio.git",
        "state": {
          "branch": null,
          "revision": "94f41c4121a82fae5c7b1cb03e630e9f9e5e20f1",
          "version": "2.32.1"
        }
      }
    ]
  },
  "version": 1
}
